// !$*UTF8*$!
{
	archiveVersion = 1;
	classes = {
	};
	objectVersion = 46;
	objects = {

/* Begin PBXBuildFile section */
		16F1634155E459304C8F31D8 /* ofxOpenNI.cpp in Sources */ = {isa = PBXBuildFile; fileRef = D933769E60CD7391201452D0 /* ofxOpenNI.cpp */; };
		57ADFCC28C752DD2F872B648 /* ofxOpenNITypes.cpp in Sources */ = {isa = PBXBuildFile; fileRef = F8A52EE34C58967AD981CFEE /* ofxOpenNITypes.cpp */; };
		E4328149138ABC9F0047C5CB /* openFrameworksDebug.a in Frameworks */ = {isa = PBXBuildFile; fileRef = E4328148138ABC890047C5CB /* openFrameworksDebug.a */; };
		E4B69E200A3A1BDC003C02F2 /* main.cpp in Sources */ = {isa = PBXBuildFile; fileRef = E4B69E1D0A3A1BDC003C02F2 /* main.cpp */; };
		E4B69E210A3A1BDC003C02F2 /* ofApp.cpp in Sources */ = {isa = PBXBuildFile; fileRef = E4B69E1E0A3A1BDC003C02F2 /* ofApp.cpp */; };
		E783D8C91D23CA48001E4420 /* libOpenNI.dylib in Frameworks */ = {isa = PBXBuildFile; fileRef = E783D8C81D23CA48001E4420 /* libOpenNI.dylib */; };
/* End PBXBuildFile section */

/* Begin PBXContainerItemProxy section */
		E4328147138ABC890047C5CB /* PBXContainerItemProxy */ = {
			isa = PBXContainerItemProxy;
			containerPortal = E4328143138ABC890047C5CB /* openFrameworksLib.xcodeproj */;
			proxyType = 2;
			remoteGlobalIDString = E4B27C1510CBEB8E00536013;
			remoteInfo = openFrameworks;
		};
		E4EEB9AB138B136A00A80321 /* PBXContainerItemProxy */ = {
			isa = PBXContainerItemProxy;
			containerPortal = E4328143138ABC890047C5CB /* openFrameworksLib.xcodeproj */;
			proxyType = 1;
			remoteGlobalIDString = E4B27C1410CBEB8E00536013;
			remoteInfo = openFrameworks;
		};
/* End PBXContainerItemProxy section */

/* Begin PBXCopyFilesBuildPhase section */
		E4C2427710CC5ABF004149E2 /* CopyFiles */ = {
			isa = PBXCopyFilesBuildPhase;
			buildActionMask = 2147483647;
			dstPath = "";
			dstSubfolderSpec = 10;
			files = (
			);
			runOnlyForDeploymentPostprocessing = 0;
		};
/* End PBXCopyFilesBuildPhase section */

/* Begin PBXFileReference section */
		39A85BCCE4A00450E6AF94C9 /* ofxOpenNIUtils.h */ = {isa = PBXFileReference; explicitFileType = sourcecode.c.h; fileEncoding = 30; name = ofxOpenNIUtils.h; path = ../../../addons/ofxOpenNINew/src/ofxOpenNIUtils.h; sourceTree = SOURCE_ROOT; };
		D933769E60CD7391201452D0 /* ofxOpenNI.cpp */ = {isa = PBXFileReference; explicitFileType = sourcecode.cpp.cpp; fileEncoding = 30; name = ofxOpenNI.cpp; path = ../../../addons/ofxOpenNINew/src/ofxOpenNI.cpp; sourceTree = SOURCE_ROOT; };
		D9D97413A37CA97C8130CCC3 /* ofxOpenNITypes.h */ = {isa = PBXFileReference; explicitFileType = sourcecode.c.h; fileEncoding = 30; name = ofxOpenNITypes.h; path = ../../../addons/ofxOpenNINew/src/ofxOpenNITypes.h; sourceTree = SOURCE_ROOT; };
		E4328143138ABC890047C5CB /* openFrameworksLib.xcodeproj */ = {isa = PBXFileReference; lastKnownFileType = "wrapper.pb-project"; name = openFrameworksLib.xcodeproj; path = ../../../libs/openFrameworksCompiled/project/osx/openFrameworksLib.xcodeproj; sourceTree = SOURCE_ROOT; };
		E4B69B5B0A3A1756003C02F2 /* SkeletonTestDebug.app */ = {isa = PBXFileReference; explicitFileType = wrapper.application; includeInIndex = 0; path = SkeletonTestDebug.app; sourceTree = BUILT_PRODUCTS_DIR; };
		E4B69E1D0A3A1BDC003C02F2 /* main.cpp */ = {isa = PBXFileReference; fileEncoding = 30; lastKnownFileType = sourcecode.cpp.cpp; name = main.cpp; path = src/main.cpp; sourceTree = SOURCE_ROOT; };
		E4B69E1E0A3A1BDC003C02F2 /* ofApp.cpp */ = {isa = PBXFileReference; explicitFileType = sourcecode.cpp.cpp; fileEncoding = 30; name = ofApp.cpp; path = src/ofApp.cpp; sourceTree = SOURCE_ROOT; };
		E4B69E1F0A3A1BDC003C02F2 /* ofApp.h */ = {isa = PBXFileReference; fileEncoding = 30; lastKnownFileType = sourcecode.c.h; name = ofApp.h; path = src/ofApp.h; sourceTree = SOURCE_ROOT; };
		E4B6FCAD0C3E899E008CF71C /* openFrameworks-Info.plist */ = {isa = PBXFileReference; fileEncoding = 30; lastKnownFileType = text.plist.xml; path = "openFrameworks-Info.plist"; sourceTree = "<group>"; };
		E4EB691F138AFCF100A09F29 /* CoreOF.xcconfig */ = {isa = PBXFileReference; fileEncoding = 4; lastKnownFileType = text.xcconfig; name = CoreOF.xcconfig; path = ../../../libs/openFrameworksCompiled/project/osx/CoreOF.xcconfig; sourceTree = SOURCE_ROOT; };
		E4EB6923138AFD0F00A09F29 /* Project.xcconfig */ = {isa = PBXFileReference; fileEncoding = 4; lastKnownFileType = text.xcconfig; path = Project.xcconfig; sourceTree = "<group>"; };
		E783D8301D23CA20001E4420 /* libusb.h */ = {isa = PBXFileReference; lastKnownFileType = sourcecode.c.h; path = libusb.h; sourceTree = "<group>"; };
		E783D8321D23CA20001E4420 /* XnCommon.h */ = {isa = PBXFileReference; lastKnownFileType = sourcecode.c.h; path = XnCommon.h; sourceTree = "<group>"; };
		E783D8331D23CA20001E4420 /* XnV3DVector.h */ = {isa = PBXFileReference; lastKnownFileType = sourcecode.c.h; path = XnV3DVector.h; sourceTree = "<group>"; };
		E783D8341D23CA20001E4420 /* XnVActivationMessage.h */ = {isa = PBXFileReference; lastKnownFileType = sourcecode.c.h; path = XnVActivationMessage.h; sourceTree = "<group>"; };
		E783D8351D23CA20001E4420 /* XnVBroadcaster.h */ = {isa = PBXFileReference; lastKnownFileType = sourcecode.c.h; path = XnVBroadcaster.h; sourceTree = "<group>"; };
		E783D8361D23CA20001E4420 /* XnVCCMessage.h */ = {isa = PBXFileReference; lastKnownFileType = sourcecode.c.h; path = XnVCCMessage.h; sourceTree = "<group>"; };
		E783D8371D23CA20001E4420 /* XnVCircle.h */ = {isa = PBXFileReference; lastKnownFileType = sourcecode.c.h; path = XnVCircle.h; sourceTree = "<group>"; };
		E783D8381D23CA20001E4420 /* XnVCircleDetector.h */ = {isa = PBXFileReference; lastKnownFileType = sourcecode.c.h; path = XnVCircleDetector.h; sourceTree = "<group>"; };
		E783D8391D23CA20001E4420 /* XnVClickableVirtualPlane.h */ = {isa = PBXFileReference; lastKnownFileType = sourcecode.c.h; path = XnVClickableVirtualPlane.h; sourceTree = "<group>"; };
		E783D83A1D23CA20001E4420 /* XnVComplexMessage.h */ = {isa = PBXFileReference; lastKnownFileType = sourcecode.c.h; path = XnVComplexMessage.h; sourceTree = "<group>"; };
		E783D83B1D23CA20001E4420 /* XnVDepthControl.h */ = {isa = PBXFileReference; lastKnownFileType = sourcecode.c.h; path = XnVDepthControl.h; sourceTree = "<group>"; };
		E783D83C1D23CA20001E4420 /* XnVDepthGenerator.h */ = {isa = PBXFileReference; lastKnownFileType = sourcecode.c.h; path = XnVDepthGenerator.h; sourceTree = "<group>"; };
		E783D83D1D23CA20001E4420 /* XnVDepthMessage.h */ = {isa = PBXFileReference; lastKnownFileType = sourcecode.c.h; path = XnVDepthMessage.h; sourceTree = "<group>"; };
		E783D83E1D23CA20001E4420 /* XnVDeviceControl.h */ = {isa = PBXFileReference; lastKnownFileType = sourcecode.c.h; path = XnVDeviceControl.h; sourceTree = "<group>"; };
		E783D83F1D23CA20001E4420 /* XnVDeviceFilter.h */ = {isa = PBXFileReference; lastKnownFileType = sourcecode.c.h; path = XnVDeviceFilter.h; sourceTree = "<group>"; };
		E783D8401D23CA20001E4420 /* XnVDeviceGenerator.h */ = {isa = PBXFileReference; lastKnownFileType = sourcecode.c.h; path = XnVDeviceGenerator.h; sourceTree = "<group>"; };
		E783D8411D23CA20001E4420 /* XnVDeviceMessage.h */ = {isa = PBXFileReference; lastKnownFileType = sourcecode.c.h; path = XnVDeviceMessage.h; sourceTree = "<group>"; };
		E783D8421D23CA20001E4420 /* XnVDirection.h */ = {isa = PBXFileReference; lastKnownFileType = sourcecode.c.h; path = XnVDirection.h; sourceTree = "<group>"; };
		E783D8431D23CA20001E4420 /* XnVFilter.h */ = {isa = PBXFileReference; lastKnownFileType = sourcecode.c.h; path = XnVFilter.h; sourceTree = "<group>"; };
		E783D8441D23CA20001E4420 /* XnVFlowRouter.h */ = {isa = PBXFileReference; lastKnownFileType = sourcecode.c.h; path = XnVFlowRouter.h; sourceTree = "<group>"; };
		E783D8451D23CA20001E4420 /* XnVGesture.h */ = {isa = PBXFileReference; lastKnownFileType = sourcecode.c.h; path = XnVGesture.h; sourceTree = "<group>"; };
		E783D8461D23CA20001E4420 /* XnVHandle.h */ = {isa = PBXFileReference; lastKnownFileType = sourcecode.c.h; path = XnVHandle.h; sourceTree = "<group>"; };
		E783D8471D23CA20001E4420 /* XnVHandPointContext.h */ = {isa = PBXFileReference; lastKnownFileType = sourcecode.c.h; path = XnVHandPointContext.h; sourceTree = "<group>"; };
		E783D8481D23CA20001E4420 /* XnVImageGenerator.h */ = {isa = PBXFileReference; lastKnownFileType = sourcecode.c.h; path = XnVImageGenerator.h; sourceTree = "<group>"; };
		E783D8491D23CA20001E4420 /* XnVImageMessage.h */ = {isa = PBXFileReference; lastKnownFileType = sourcecode.c.h; path = XnVImageMessage.h; sourceTree = "<group>"; };
		E783D84A1D23CA20001E4420 /* XnVMathCommon.h */ = {isa = PBXFileReference; lastKnownFileType = sourcecode.c.h; path = XnVMathCommon.h; sourceTree = "<group>"; };
		E783D84B1D23CA20001E4420 /* XnVMessage.h */ = {isa = PBXFileReference; lastKnownFileType = sourcecode.c.h; path = XnVMessage.h; sourceTree = "<group>"; };
		E783D84C1D23CA20001E4420 /* XnVMessageGenerator.h */ = {isa = PBXFileReference; lastKnownFileType = sourcecode.c.h; path = XnVMessageGenerator.h; sourceTree = "<group>"; };
		E783D84D1D23CA20001E4420 /* XnVMessageListener.h */ = {isa = PBXFileReference; lastKnownFileType = sourcecode.c.h; path = XnVMessageListener.h; sourceTree = "<group>"; };
		E783D84E1D23CA20001E4420 /* XnVMessageMux.h */ = {isa = PBXFileReference; lastKnownFileType = sourcecode.c.h; path = XnVMessageMux.h; sourceTree = "<group>"; };
		E783D84F1D23CA20001E4420 /* XnVMultiItemHysteresis1D.h */ = {isa = PBXFileReference; lastKnownFileType = sourcecode.c.h; path = XnVMultiItemHysteresis1D.h; sourceTree = "<group>"; };
		E783D8501D23CA20001E4420 /* XnVMultiItemHysteresis2D.h */ = {isa = PBXFileReference; lastKnownFileType = sourcecode.c.h; path = XnVMultiItemHysteresis2D.h; sourceTree = "<group>"; };
		E783D8511D23CA20001E4420 /* XnVMultipleHands.h */ = {isa = PBXFileReference; lastKnownFileType = sourcecode.c.h; path = XnVMultipleHands.h; sourceTree = "<group>"; };
		E783D8521D23CA20001E4420 /* XnVMultiProcessFlowClient.h */ = {isa = PBXFileReference; lastKnownFileType = sourcecode.c.h; path = XnVMultiProcessFlowClient.h; sourceTree = "<group>"; };
		E783D8531D23CA20001E4420 /* XnVMultiProcessFlowServer.h */ = {isa = PBXFileReference; lastKnownFileType = sourcecode.c.h; path = XnVMultiProcessFlowServer.h; sourceTree = "<group>"; };
		E783D8541D23CA20001E4420 /* XnVNite.h */ = {isa = PBXFileReference; lastKnownFileType = sourcecode.c.h; path = XnVNite.h; sourceTree = "<group>"; };
		E783D8551D23CA20001E4420 /* XnVNiteControls.h */ = {isa = PBXFileReference; lastKnownFileType = sourcecode.c.h; path = XnVNiteControls.h; sourceTree = "<group>"; };
		E783D8561D23CA20001E4420 /* XnVNiteDefs.h */ = {isa = PBXFileReference; lastKnownFileType = sourcecode.c.h; path = XnVNiteDefs.h; sourceTree = "<group>"; };
		E783D8571D23CA20001E4420 /* XnVNiteFramework.h */ = {isa = PBXFileReference; lastKnownFileType = sourcecode.c.h; path = XnVNiteFramework.h; sourceTree = "<group>"; };
		E783D8581D23CA20001E4420 /* XnVNiteLog.h */ = {isa = PBXFileReference; lastKnownFileType = sourcecode.c.h; path = XnVNiteLog.h; sourceTree = "<group>"; };
		E783D8591D23CA20001E4420 /* XnVNiteStatus.h */ = {isa = PBXFileReference; lastKnownFileType = sourcecode.c.h; path = XnVNiteStatus.h; sourceTree = "<group>"; };
		E783D85A1D23CA20001E4420 /* XnVNiteVersion.h */ = {isa = PBXFileReference; lastKnownFileType = sourcecode.c.h; path = XnVNiteVersion.h; sourceTree = "<group>"; };
		E783D85B1D23CA20001E4420 /* XnVPointArea.h */ = {isa = PBXFileReference; lastKnownFileType = sourcecode.c.h; path = XnVPointArea.h; sourceTree = "<group>"; };
		E783D85C1D23CA20001E4420 /* XnVPointControl.h */ = {isa = PBXFileReference; lastKnownFileType = sourcecode.c.h; path = XnVPointControl.h; sourceTree = "<group>"; };
		E783D85D1D23CA20001E4420 /* XnVPointDenoiser.h */ = {isa = PBXFileReference; lastKnownFileType = sourcecode.c.h; path = XnVPointDenoiser.h; sourceTree = "<group>"; };
		E783D85E1D23CA20001E4420 /* XnVPointFilter.h */ = {isa = PBXFileReference; lastKnownFileType = sourcecode.c.h; path = XnVPointFilter.h; sourceTree = "<group>"; };
		E783D85F1D23CA20001E4420 /* XnVPointMessage.h */ = {isa = PBXFileReference; lastKnownFileType = sourcecode.c.h; path = XnVPointMessage.h; sourceTree = "<group>"; };
		E783D8601D23CA20001E4420 /* XnVPointTracker.h */ = {isa = PBXFileReference; lastKnownFileType = sourcecode.c.h; path = XnVPointTracker.h; sourceTree = "<group>"; };
		E783D8611D23CA20001E4420 /* XnVPushDetector.h */ = {isa = PBXFileReference; lastKnownFileType = sourcecode.c.h; path = XnVPushDetector.h; sourceTree = "<group>"; };
		E783D8621D23CA20001E4420 /* XnVSelectableSlider1D.h */ = {isa = PBXFileReference; lastKnownFileType = sourcecode.c.h; path = XnVSelectableSlider1D.h; sourceTree = "<group>"; };
		E783D8631D23CA20001E4420 /* XnVSelectableSlider2D.h */ = {isa = PBXFileReference; lastKnownFileType = sourcecode.c.h; path = XnVSelectableSlider2D.h; sourceTree = "<group>"; };
		E783D8641D23CA20001E4420 /* XnVSessionGenerator.h */ = {isa = PBXFileReference; lastKnownFileType = sourcecode.c.h; path = XnVSessionGenerator.h; sourceTree = "<group>"; };
		E783D8651D23CA20001E4420 /* XnVSessionListener.h */ = {isa = PBXFileReference; lastKnownFileType = sourcecode.c.h; path = XnVSessionListener.h; sourceTree = "<group>"; };
		E783D8661D23CA20001E4420 /* XnVSessionManager.h */ = {isa = PBXFileReference; lastKnownFileType = sourcecode.c.h; path = XnVSessionManager.h; sourceTree = "<group>"; };
		E783D8671D23CA20001E4420 /* XnVSessionMessage.h */ = {isa = PBXFileReference; lastKnownFileType = sourcecode.c.h; path = XnVSessionMessage.h; sourceTree = "<group>"; };
		E783D8681D23CA20001E4420 /* XnVSlider1D.h */ = {isa = PBXFileReference; lastKnownFileType = sourcecode.c.h; path = XnVSlider1D.h; sourceTree = "<group>"; };
		E783D8691D23CA20001E4420 /* XnVSlider2D.h */ = {isa = PBXFileReference; lastKnownFileType = sourcecode.c.h; path = XnVSlider2D.h; sourceTree = "<group>"; };
		E783D86A1D23CA20001E4420 /* XnVSlider3D.h */ = {isa = PBXFileReference; lastKnownFileType = sourcecode.c.h; path = XnVSlider3D.h; sourceTree = "<group>"; };
		E783D86B1D23CA20001E4420 /* XnVSteadyDetector.h */ = {isa = PBXFileReference; lastKnownFileType = sourcecode.c.h; path = XnVSteadyDetector.h; sourceTree = "<group>"; };
		E783D86C1D23CA20001E4420 /* XnVSwipeDetector.h */ = {isa = PBXFileReference; lastKnownFileType = sourcecode.c.h; path = XnVSwipeDetector.h; sourceTree = "<group>"; };
		E783D86D1D23CA20001E4420 /* XnVVirtualCoordinates.h */ = {isa = PBXFileReference; lastKnownFileType = sourcecode.c.h; path = XnVVirtualCoordinates.h; sourceTree = "<group>"; };
		E783D86E1D23CA20001E4420 /* XnVWaveDetector.h */ = {isa = PBXFileReference; lastKnownFileType = sourcecode.c.h; path = XnVWaveDetector.h; sourceTree = "<group>"; };
		E783D8711D23CA20001E4420 /* XnPlatformAndroid-Arm.h */ = {isa = PBXFileReference; lastKnownFileType = sourcecode.c.h; path = "XnPlatformAndroid-Arm.h"; sourceTree = "<group>"; };
		E783D8731D23CA20001E4420 /* XnOSARC.h */ = {isa = PBXFileReference; lastKnownFileType = sourcecode.c.h; path = XnOSARC.h; sourceTree = "<group>"; };
		E783D8741D23CA20001E4420 /* XnPlatformARC.h */ = {isa = PBXFileReference; lastKnownFileType = sourcecode.c.h; path = XnPlatformARC.h; sourceTree = "<group>"; };
		E783D8751D23CA20001E4420 /* IXnNodeAllocator.h */ = {isa = PBXFileReference; lastKnownFileType = sourcecode.c.h; path = IXnNodeAllocator.h; sourceTree = "<group>"; };
		E783D8771D23CA20001E4420 /* XnPlatformLinux-Arm.h */ = {isa = PBXFileReference; lastKnownFileType = sourcecode.c.h; path = "XnPlatformLinux-Arm.h"; sourceTree = "<group>"; };
		E783D8791D23CA20001E4420 /* XnOSLinux-x86.h */ = {isa = PBXFileReference; lastKnownFileType = sourcecode.c.h; path = "XnOSLinux-x86.h"; sourceTree = "<group>"; };
		E783D87A1D23CA20001E4420 /* XnPlatformLinux-x86.h */ = {isa = PBXFileReference; lastKnownFileType = sourcecode.c.h; path = "XnPlatformLinux-x86.h"; sourceTree = "<group>"; };
		E783D87C1D23CA20001E4420 /* XnPlatformMacOSX.h */ = {isa = PBXFileReference; lastKnownFileType = sourcecode.c.h; path = XnPlatformMacOSX.h; sourceTree = "<group>"; };
		E783D87E1D23CA20001E4420 /* usb100.h */ = {isa = PBXFileReference; lastKnownFileType = sourcecode.c.h; path = usb100.h; sourceTree = "<group>"; };
		E783D87F1D23CA20001E4420 /* XnOSWin32.h */ = {isa = PBXFileReference; lastKnownFileType = sourcecode.c.h; path = XnOSWin32.h; sourceTree = "<group>"; };
		E783D8801D23CA20001E4420 /* XnPlatformWin32.h */ = {isa = PBXFileReference; lastKnownFileType = sourcecode.c.h; path = XnPlatformWin32.h; sourceTree = "<group>"; };
		E783D8811D23CA20001E4420 /* XnAlgorithms.h */ = {isa = PBXFileReference; lastKnownFileType = sourcecode.c.h; path = XnAlgorithms.h; sourceTree = "<group>"; };
		E783D8821D23CA20001E4420 /* XnArray.h */ = {isa = PBXFileReference; lastKnownFileType = sourcecode.c.h; path = XnArray.h; sourceTree = "<group>"; };
		E783D8831D23CA20001E4420 /* XnBaseNode.h */ = {isa = PBXFileReference; lastKnownFileType = sourcecode.c.h; path = XnBaseNode.h; sourceTree = "<group>"; };
		E783D8841D23CA20001E4420 /* XnBitSet.h */ = {isa = PBXFileReference; lastKnownFileType = sourcecode.c.h; path = XnBitSet.h; sourceTree = "<group>"; };
		E783D8851D23CA20001E4420 /* XnCallback.h */ = {isa = PBXFileReference; lastKnownFileType = sourcecode.c.h; path = XnCallback.h; sourceTree = "<group>"; };
		E783D8861D23CA20001E4420 /* XnCodecIDs.h */ = {isa = PBXFileReference; lastKnownFileType = sourcecode.c.h; path = XnCodecIDs.h; sourceTree = "<group>"; };
		E783D8871D23CA20001E4420 /* XnContext.h */ = {isa = PBXFileReference; lastKnownFileType = sourcecode.c.h; path = XnContext.h; sourceTree = "<group>"; };
		E783D8881D23CA20001E4420 /* XnCppWrapper.h */ = {isa = PBXFileReference; lastKnownFileType = sourcecode.c.h; path = XnCppWrapper.h; sourceTree = "<group>"; };
		E783D8891D23CA20001E4420 /* XnDataTypes.h */ = {isa = PBXFileReference; lastKnownFileType = sourcecode.c.h; path = XnDataTypes.h; sourceTree = "<group>"; };
		E783D88A1D23CA20001E4420 /* XnDerivedCast.h */ = {isa = PBXFileReference; lastKnownFileType = sourcecode.c.h; path = XnDerivedCast.h; sourceTree = "<group>"; };
		E783D88B1D23CA20001E4420 /* XnDump.h */ = {isa = PBXFileReference; lastKnownFileType = sourcecode.c.h; path = XnDump.h; sourceTree = "<group>"; };
		E783D88C1D23CA20001E4420 /* XnDumpWriters.h */ = {isa = PBXFileReference; lastKnownFileType = sourcecode.c.h; path = XnDumpWriters.h; sourceTree = "<group>"; };
		E783D88D1D23CA20001E4420 /* XnEnumerationErrors.h */ = {isa = PBXFileReference; lastKnownFileType = sourcecode.c.h; path = XnEnumerationErrors.h; sourceTree = "<group>"; };
		E783D88E1D23CA20001E4420 /* XnEvent.h */ = {isa = PBXFileReference; lastKnownFileType = sourcecode.c.h; path = XnEvent.h; sourceTree = "<group>"; };
		E783D88F1D23CA20001E4420 /* XnFPSCalculator.h */ = {isa = PBXFileReference; lastKnownFileType = sourcecode.c.h; path = XnFPSCalculator.h; sourceTree = "<group>"; };
		E783D8901D23CA20001E4420 /* XnGeneralBuffer.h */ = {isa = PBXFileReference; lastKnownFileType = sourcecode.c.h; path = XnGeneralBuffer.h; sourceTree = "<group>"; };
		E783D8911D23CA20001E4420 /* XnHash.h */ = {isa = PBXFileReference; lastKnownFileType = sourcecode.c.h; path = XnHash.h; sourceTree = "<group>"; };
		E783D8921D23CA20001E4420 /* XnInternalDefs.h */ = {isa = PBXFileReference; lastKnownFileType = sourcecode.c.h; path = XnInternalDefs.h; sourceTree = "<group>"; };
		E783D8931D23CA20001E4420 /* XnLicensing.h */ = {isa = PBXFileReference; lastKnownFileType = sourcecode.c.h; path = XnLicensing.h; sourceTree = "<group>"; };
		E783D8941D23CA20001E4420 /* XnList.h */ = {isa = PBXFileReference; lastKnownFileType = sourcecode.c.h; path = XnList.h; sourceTree = "<group>"; };
		E783D8951D23CA20001E4420 /* XnLog.h */ = {isa = PBXFileReference; lastKnownFileType = sourcecode.c.h; path = XnLog.h; sourceTree = "<group>"; };
		E783D8961D23CA20001E4420 /* XnLogTypes.h */ = {isa = PBXFileReference; lastKnownFileType = sourcecode.c.h; path = XnLogTypes.h; sourceTree = "<group>"; };
		E783D8971D23CA20001E4420 /* XnLogWriterBase.h */ = {isa = PBXFileReference; lastKnownFileType = sourcecode.c.h; path = XnLogWriterBase.h; sourceTree = "<group>"; };
		E783D8981D23CA20001E4420 /* XnMacros.h */ = {isa = PBXFileReference; lastKnownFileType = sourcecode.c.h; path = XnMacros.h; sourceTree = "<group>"; };
		E783D8991D23CA20001E4420 /* XnModuleCFunctions.h */ = {isa = PBXFileReference; lastKnownFileType = sourcecode.c.h; path = XnModuleCFunctions.h; sourceTree = "<group>"; };
		E783D89A1D23CA20001E4420 /* XnModuleCppInterface.h */ = {isa = PBXFileReference; lastKnownFileType = sourcecode.c.h; path = XnModuleCppInterface.h; sourceTree = "<group>"; };
		E783D89B1D23CA20001E4420 /* XnModuleCppRegistratration.h */ = {isa = PBXFileReference; lastKnownFileType = sourcecode.c.h; path = XnModuleCppRegistratration.h; sourceTree = "<group>"; };
		E783D89C1D23CA20001E4420 /* XnModuleInterface.h */ = {isa = PBXFileReference; lastKnownFileType = sourcecode.c.h; path = XnModuleInterface.h; sourceTree = "<group>"; };
		E783D89D1D23CA20001E4420 /* XnNode.h */ = {isa = PBXFileReference; lastKnownFileType = sourcecode.c.h; path = XnNode.h; sourceTree = "<group>"; };
		E783D89E1D23CA20001E4420 /* XnNodeAllocator.h */ = {isa = PBXFileReference; lastKnownFileType = sourcecode.c.h; path = XnNodeAllocator.h; sourceTree = "<group>"; };
		E783D89F1D23CA20001E4420 /* XnOpenNI.h */ = {isa = PBXFileReference; lastKnownFileType = sourcecode.c.h; path = XnOpenNI.h; sourceTree = "<group>"; };
		E783D8A01D23CA20001E4420 /* XnOS.h */ = {isa = PBXFileReference; lastKnownFileType = sourcecode.c.h; path = XnOS.h; sourceTree = "<group>"; };
		E783D8A11D23CA20001E4420 /* XnOSCpp.h */ = {isa = PBXFileReference; lastKnownFileType = sourcecode.c.h; path = XnOSCpp.h; sourceTree = "<group>"; };
		E783D8A21D23CA20001E4420 /* XnOSMemory.h */ = {isa = PBXFileReference; lastKnownFileType = sourcecode.c.h; path = XnOSMemory.h; sourceTree = "<group>"; };
		E783D8A31D23CA20001E4420 /* XnOSStrings.h */ = {isa = PBXFileReference; lastKnownFileType = sourcecode.c.h; path = XnOSStrings.h; sourceTree = "<group>"; };
		E783D8A41D23CA20001E4420 /* XnPlatform.h */ = {isa = PBXFileReference; lastKnownFileType = sourcecode.c.h; path = XnPlatform.h; sourceTree = "<group>"; };
		E783D8A51D23CA20001E4420 /* XnPrdNode.h */ = {isa = PBXFileReference; lastKnownFileType = sourcecode.c.h; path = XnPrdNode.h; sourceTree = "<group>"; };
		E783D8A61D23CA20001E4420 /* XnPrdNodeInfo.h */ = {isa = PBXFileReference; lastKnownFileType = sourcecode.c.h; path = XnPrdNodeInfo.h; sourceTree = "<group>"; };
		E783D8A71D23CA20001E4420 /* XnPrdNodeInfoList.h */ = {isa = PBXFileReference; lastKnownFileType = sourcecode.c.h; path = XnPrdNodeInfoList.h; sourceTree = "<group>"; };
		E783D8A81D23CA20001E4420 /* XnProfiling.h */ = {isa = PBXFileReference; lastKnownFileType = sourcecode.c.h; path = XnProfiling.h; sourceTree = "<group>"; };
		E783D8A91D23CA20001E4420 /* XnPropNames.h */ = {isa = PBXFileReference; lastKnownFileType = sourcecode.c.h; path = XnPropNames.h; sourceTree = "<group>"; };
		E783D8AA1D23CA20001E4420 /* XnQueries.h */ = {isa = PBXFileReference; lastKnownFileType = sourcecode.c.h; path = XnQueries.h; sourceTree = "<group>"; };
		E783D8AB1D23CA20001E4420 /* XnQueue.h */ = {isa = PBXFileReference; lastKnownFileType = sourcecode.c.h; path = XnQueue.h; sourceTree = "<group>"; };
		E783D8AC1D23CA20001E4420 /* XnScheduler.h */ = {isa = PBXFileReference; lastKnownFileType = sourcecode.c.h; path = XnScheduler.h; sourceTree = "<group>"; };
		E783D8AD1D23CA20001E4420 /* XnStack.h */ = {isa = PBXFileReference; lastKnownFileType = sourcecode.c.h; path = XnStack.h; sourceTree = "<group>"; };
		E783D8AE1D23CA20001E4420 /* XnStatus.h */ = {isa = PBXFileReference; lastKnownFileType = sourcecode.c.h; path = XnStatus.h; sourceTree = "<group>"; };
		E783D8AF1D23CA20001E4420 /* XnStatusCodes.h */ = {isa = PBXFileReference; lastKnownFileType = sourcecode.c.h; path = XnStatusCodes.h; sourceTree = "<group>"; };
		E783D8B01D23CA20001E4420 /* XnStatusRegister.h */ = {isa = PBXFileReference; lastKnownFileType = sourcecode.c.h; path = XnStatusRegister.h; sourceTree = "<group>"; };
		E783D8B11D23CA20001E4420 /* XnStringsHash.h */ = {isa = PBXFileReference; lastKnownFileType = sourcecode.c.h; path = XnStringsHash.h; sourceTree = "<group>"; };
		E783D8B21D23CA20001E4420 /* XnThreadSafeQueue.h */ = {isa = PBXFileReference; lastKnownFileType = sourcecode.c.h; path = XnThreadSafeQueue.h; sourceTree = "<group>"; };
		E783D8B31D23CA20001E4420 /* XnTypes.h */ = {isa = PBXFileReference; lastKnownFileType = sourcecode.c.h; path = XnTypes.h; sourceTree = "<group>"; };
		E783D8B41D23CA20001E4420 /* XnUSB.h */ = {isa = PBXFileReference; lastKnownFileType = sourcecode.c.h; path = XnUSB.h; sourceTree = "<group>"; };
		E783D8B51D23CA20001E4420 /* XnUSBDevice.h */ = {isa = PBXFileReference; lastKnownFileType = sourcecode.c.h; path = XnUSBDevice.h; sourceTree = "<group>"; };
		E783D8B61D23CA20001E4420 /* XnUtils.h */ = {isa = PBXFileReference; lastKnownFileType = sourcecode.c.h; path = XnUtils.h; sourceTree = "<group>"; };
		E783D8B71D23CA20001E4420 /* XnVersion.h */ = {isa = PBXFileReference; lastKnownFileType = sourcecode.c.h; path = XnVersion.h; sourceTree = "<group>"; };
		E783D8B91D23CA20001E4420 /* change_exec_paths.sh */ = {isa = PBXFileReference; lastKnownFileType = text.script.sh; path = change_exec_paths.sh; sourceTree = "<group>"; };
		E783D8BA1D23CA20001E4420 /* libnimCodecs.dylib */ = {isa = PBXFileReference; lastKnownFileType = "compiled.mach-o.dylib"; path = libnimCodecs.dylib; sourceTree = "<group>"; };
		E783D8BB1D23CA20001E4420 /* libnimMockNodes.dylib */ = {isa = PBXFileReference; lastKnownFileType = "compiled.mach-o.dylib"; path = libnimMockNodes.dylib; sourceTree = "<group>"; };
		E783D8BC1D23CA20001E4420 /* libnimRecorder.dylib */ = {isa = PBXFileReference; lastKnownFileType = "compiled.mach-o.dylib"; path = libnimRecorder.dylib; sourceTree = "<group>"; };
		E783D8BD1D23CA20001E4420 /* libOpenNI.dylib */ = {isa = PBXFileReference; lastKnownFileType = "compiled.mach-o.dylib"; path = libOpenNI.dylib; sourceTree = "<group>"; };
		E783D8BE1D23CA21001E4420 /* libusb-1.0.0.dylib */ = {isa = PBXFileReference; lastKnownFileType = "compiled.mach-o.dylib"; path = "libusb-1.0.0.dylib"; sourceTree = "<group>"; };
		E783D8BF1D23CA21001E4420 /* libXnCore.dylib */ = {isa = PBXFileReference; lastKnownFileType = "compiled.mach-o.dylib"; path = libXnCore.dylib; sourceTree = "<group>"; };
		E783D8C01D23CA21001E4420 /* libXnDDK.dylib */ = {isa = PBXFileReference; lastKnownFileType = "compiled.mach-o.dylib"; path = libXnDDK.dylib; sourceTree = "<group>"; };
		E783D8C11D23CA21001E4420 /* libXnDeviceFile.dylib */ = {isa = PBXFileReference; lastKnownFileType = "compiled.mach-o.dylib"; path = libXnDeviceFile.dylib; sourceTree = "<group>"; };
		E783D8C21D23CA21001E4420 /* libXnDeviceSensorV2KM.dylib */ = {isa = PBXFileReference; lastKnownFileType = "compiled.mach-o.dylib"; path = libXnDeviceSensorV2KM.dylib; sourceTree = "<group>"; };
		E783D8C31D23CA21001E4420 /* libXnFormats.dylib */ = {isa = PBXFileReference; lastKnownFileType = "compiled.mach-o.dylib"; path = libXnFormats.dylib; sourceTree = "<group>"; };
		E783D8C41D23CA21001E4420 /* libXnVCNITE_1_5_2.dylib */ = {isa = PBXFileReference; lastKnownFileType = "compiled.mach-o.dylib"; path = libXnVCNITE_1_5_2.dylib; sourceTree = "<group>"; };
		E783D8C51D23CA21001E4420 /* libXnVFeatures_1_5_2.dylib */ = {isa = PBXFileReference; lastKnownFileType = "compiled.mach-o.dylib"; path = libXnVFeatures_1_5_2.dylib; sourceTree = "<group>"; };
		E783D8C61D23CA21001E4420 /* libXnVHandGenerator_1_5_2.dylib */ = {isa = PBXFileReference; lastKnownFileType = "compiled.mach-o.dylib"; path = libXnVHandGenerator_1_5_2.dylib; sourceTree = "<group>"; };
		E783D8C71D23CA21001E4420 /* libXnVNite_1_5_2.dylib */ = {isa = PBXFileReference; lastKnownFileType = "compiled.mach-o.dylib"; path = libXnVNite_1_5_2.dylib; sourceTree = "<group>"; };
		E783D8C81D23CA48001E4420 /* libOpenNI.dylib */ = {isa = PBXFileReference; lastKnownFileType = "compiled.mach-o.dylib"; name = libOpenNI.dylib; path = ../../../addons/ofxOpenNINew/lib/libOpenNI.dylib; sourceTree = "<group>"; };
		F8A52EE34C58967AD981CFEE /* ofxOpenNITypes.cpp */ = {isa = PBXFileReference; explicitFileType = sourcecode.cpp.cpp; fileEncoding = 30; name = ofxOpenNITypes.cpp; path = ../../../addons/ofxOpenNINew/src/ofxOpenNITypes.cpp; sourceTree = SOURCE_ROOT; };
		FBB585C72F1C9DE414F4E1D2 /* ofxOpenNI.h */ = {isa = PBXFileReference; explicitFileType = sourcecode.c.h; fileEncoding = 30; name = ofxOpenNI.h; path = ../../../addons/ofxOpenNINew/src/ofxOpenNI.h; sourceTree = SOURCE_ROOT; };
/* End PBXFileReference section */

/* Begin PBXFrameworksBuildPhase section */
		E4B69B590A3A1756003C02F2 /* Frameworks */ = {
			isa = PBXFrameworksBuildPhase;
			buildActionMask = 2147483647;
			files = (
				E4328149138ABC9F0047C5CB /* openFrameworksDebug.a in Frameworks */,
				E783D8C91D23CA48001E4420 /* libOpenNI.dylib in Frameworks */,
			);
			runOnlyForDeploymentPostprocessing = 0;
		};
/* End PBXFrameworksBuildPhase section */

/* Begin PBXGroup section */
		527E758A5FFA9A3B000D53CA /* ofxOpenNINew */ = {
			isa = PBXGroup;
			children = (
				99A8F2667B401D5562C71FF6 /* src */,
			);
			name = ofxOpenNINew;
			sourceTree = "<group>";
		};
		6948EE371B920CB800B5AC1A /* local_addons */ = {
			isa = PBXGroup;
			children = (
			);
			name = local_addons;
			sourceTree = "<group>";
		};
		99A8F2667B401D5562C71FF6 /* src */ = {
			isa = PBXGroup;
			children = (
				D933769E60CD7391201452D0 /* ofxOpenNI.cpp */,
				FBB585C72F1C9DE414F4E1D2 /* ofxOpenNI.h */,
				F8A52EE34C58967AD981CFEE /* ofxOpenNITypes.cpp */,
				D9D97413A37CA97C8130CCC3 /* ofxOpenNITypes.h */,
				39A85BCCE4A00450E6AF94C9 /* ofxOpenNIUtils.h */,
			);
			name = src;
			sourceTree = "<group>";
		};
		BB4B014C10F69532006C3DED /* addons */ = {
			isa = PBXGroup;
			children = (
				E783D82E1D23CA20001E4420 /* include */,
				E783D8B81D23CA20001E4420 /* lib */,
				527E758A5FFA9A3B000D53CA /* ofxOpenNINew */,
			);
			name = addons;
			sourceTree = "<group>";
		};
		E4328144138ABC890047C5CB /* Products */ = {
			isa = PBXGroup;
			children = (
				E4328148138ABC890047C5CB /* openFrameworksDebug.a */,
			);
			name = Products;
			sourceTree = "<group>";
		};
		E4B69B4A0A3A1720003C02F2 = {
			isa = PBXGroup;
			children = (
				E783D8C81D23CA48001E4420 /* libOpenNI.dylib */,
				E4B6FCAD0C3E899E008CF71C /* openFrameworks-Info.plist */,
				E4EB6923138AFD0F00A09F29 /* Project.xcconfig */,
				E4B69E1C0A3A1BDC003C02F2 /* src */,
				E4EEC9E9138DF44700A80321 /* openFrameworks */,
				BB4B014C10F69532006C3DED /* addons */,
				6948EE371B920CB800B5AC1A /* local_addons */,
				E4B69B5B0A3A1756003C02F2 /* SkeletonTestDebug.app */,
			);
			sourceTree = "<group>";
		};
		E4B69E1C0A3A1BDC003C02F2 /* src */ = {
			isa = PBXGroup;
			children = (
				E4B69E1D0A3A1BDC003C02F2 /* main.cpp */,
				E4B69E1E0A3A1BDC003C02F2 /* ofApp.cpp */,
				E4B69E1F0A3A1BDC003C02F2 /* ofApp.h */,
			);
			path = src;
			sourceTree = SOURCE_ROOT;
		};
		E4EEC9E9138DF44700A80321 /* openFrameworks */ = {
			isa = PBXGroup;
			children = (
				E4EB691F138AFCF100A09F29 /* CoreOF.xcconfig */,
				E4328143138ABC890047C5CB /* openFrameworksLib.xcodeproj */,
			);
			name = openFrameworks;
			sourceTree = "<group>";
		};
		E783D82E1D23CA20001E4420 /* include */ = {
			isa = PBXGroup;
			children = (
				E783D82F1D23CA20001E4420 /* libusb */,
				E783D8311D23CA20001E4420 /* nite */,
				E783D86F1D23CA20001E4420 /* openni */,
			);
			name = include;
			path = ../../../addons/ofxOpenNINew/include;
			sourceTree = "<group>";
		};
		E783D82F1D23CA20001E4420 /* libusb */ = {
			isa = PBXGroup;
			children = (
				E783D8301D23CA20001E4420 /* libusb.h */,
			);
			path = libusb;
			sourceTree = "<group>";
		};
		E783D8311D23CA20001E4420 /* nite */ = {
			isa = PBXGroup;
			children = (
				E783D8321D23CA20001E4420 /* XnCommon.h */,
				E783D8331D23CA20001E4420 /* XnV3DVector.h */,
				E783D8341D23CA20001E4420 /* XnVActivationMessage.h */,
				E783D8351D23CA20001E4420 /* XnVBroadcaster.h */,
				E783D8361D23CA20001E4420 /* XnVCCMessage.h */,
				E783D8371D23CA20001E4420 /* XnVCircle.h */,
				E783D8381D23CA20001E4420 /* XnVCircleDetector.h */,
				E783D8391D23CA20001E4420 /* XnVClickableVirtualPlane.h */,
				E783D83A1D23CA20001E4420 /* XnVComplexMessage.h */,
				E783D83B1D23CA20001E4420 /* XnVDepthControl.h */,
				E783D83C1D23CA20001E4420 /* XnVDepthGenerator.h */,
				E783D83D1D23CA20001E4420 /* XnVDepthMessage.h */,
				E783D83E1D23CA20001E4420 /* XnVDeviceControl.h */,
				E783D83F1D23CA20001E4420 /* XnVDeviceFilter.h */,
				E783D8401D23CA20001E4420 /* XnVDeviceGenerator.h */,
				E783D8411D23CA20001E4420 /* XnVDeviceMessage.h */,
				E783D8421D23CA20001E4420 /* XnVDirection.h */,
				E783D8431D23CA20001E4420 /* XnVFilter.h */,
				E783D8441D23CA20001E4420 /* XnVFlowRouter.h */,
				E783D8451D23CA20001E4420 /* XnVGesture.h */,
				E783D8461D23CA20001E4420 /* XnVHandle.h */,
				E783D8471D23CA20001E4420 /* XnVHandPointContext.h */,
				E783D8481D23CA20001E4420 /* XnVImageGenerator.h */,
				E783D8491D23CA20001E4420 /* XnVImageMessage.h */,
				E783D84A1D23CA20001E4420 /* XnVMathCommon.h */,
				E783D84B1D23CA20001E4420 /* XnVMessage.h */,
				E783D84C1D23CA20001E4420 /* XnVMessageGenerator.h */,
				E783D84D1D23CA20001E4420 /* XnVMessageListener.h */,
				E783D84E1D23CA20001E4420 /* XnVMessageMux.h */,
				E783D84F1D23CA20001E4420 /* XnVMultiItemHysteresis1D.h */,
				E783D8501D23CA20001E4420 /* XnVMultiItemHysteresis2D.h */,
				E783D8511D23CA20001E4420 /* XnVMultipleHands.h */,
				E783D8521D23CA20001E4420 /* XnVMultiProcessFlowClient.h */,
				E783D8531D23CA20001E4420 /* XnVMultiProcessFlowServer.h */,
				E783D8541D23CA20001E4420 /* XnVNite.h */,
				E783D8551D23CA20001E4420 /* XnVNiteControls.h */,
				E783D8561D23CA20001E4420 /* XnVNiteDefs.h */,
				E783D8571D23CA20001E4420 /* XnVNiteFramework.h */,
				E783D8581D23CA20001E4420 /* XnVNiteLog.h */,
				E783D8591D23CA20001E4420 /* XnVNiteStatus.h */,
				E783D85A1D23CA20001E4420 /* XnVNiteVersion.h */,
				E783D85B1D23CA20001E4420 /* XnVPointArea.h */,
				E783D85C1D23CA20001E4420 /* XnVPointControl.h */,
				E783D85D1D23CA20001E4420 /* XnVPointDenoiser.h */,
				E783D85E1D23CA20001E4420 /* XnVPointFilter.h */,
				E783D85F1D23CA20001E4420 /* XnVPointMessage.h */,
				E783D8601D23CA20001E4420 /* XnVPointTracker.h */,
				E783D8611D23CA20001E4420 /* XnVPushDetector.h */,
				E783D8621D23CA20001E4420 /* XnVSelectableSlider1D.h */,
				E783D8631D23CA20001E4420 /* XnVSelectableSlider2D.h */,
				E783D8641D23CA20001E4420 /* XnVSessionGenerator.h */,
				E783D8651D23CA20001E4420 /* XnVSessionListener.h */,
				E783D8661D23CA20001E4420 /* XnVSessionManager.h */,
				E783D8671D23CA20001E4420 /* XnVSessionMessage.h */,
				E783D8681D23CA20001E4420 /* XnVSlider1D.h */,
				E783D8691D23CA20001E4420 /* XnVSlider2D.h */,
				E783D86A1D23CA20001E4420 /* XnVSlider3D.h */,
				E783D86B1D23CA20001E4420 /* XnVSteadyDetector.h */,
				E783D86C1D23CA20001E4420 /* XnVSwipeDetector.h */,
				E783D86D1D23CA20001E4420 /* XnVVirtualCoordinates.h */,
				E783D86E1D23CA20001E4420 /* XnVWaveDetector.h */,
			);
			path = nite;
			sourceTree = "<group>";
		};
		E783D86F1D23CA20001E4420 /* openni */ = {
			isa = PBXGroup;
			children = (
				E783D8701D23CA20001E4420 /* Android-Arm */,
				E783D8721D23CA20001E4420 /* ARC */,
				E783D8751D23CA20001E4420 /* IXnNodeAllocator.h */,
				E783D8761D23CA20001E4420 /* Linux-Arm */,
				E783D8781D23CA20001E4420 /* Linux-x86 */,
				E783D87B1D23CA20001E4420 /* MacOSX */,
				E783D87D1D23CA20001E4420 /* Win32 */,
				E783D8811D23CA20001E4420 /* XnAlgorithms.h */,
				E783D8821D23CA20001E4420 /* XnArray.h */,
				E783D8831D23CA20001E4420 /* XnBaseNode.h */,
				E783D8841D23CA20001E4420 /* XnBitSet.h */,
				E783D8851D23CA20001E4420 /* XnCallback.h */,
				E783D8861D23CA20001E4420 /* XnCodecIDs.h */,
				E783D8871D23CA20001E4420 /* XnContext.h */,
				E783D8881D23CA20001E4420 /* XnCppWrapper.h */,
				E783D8891D23CA20001E4420 /* XnDataTypes.h */,
				E783D88A1D23CA20001E4420 /* XnDerivedCast.h */,
				E783D88B1D23CA20001E4420 /* XnDump.h */,
				E783D88C1D23CA20001E4420 /* XnDumpWriters.h */,
				E783D88D1D23CA20001E4420 /* XnEnumerationErrors.h */,
				E783D88E1D23CA20001E4420 /* XnEvent.h */,
				E783D88F1D23CA20001E4420 /* XnFPSCalculator.h */,
				E783D8901D23CA20001E4420 /* XnGeneralBuffer.h */,
				E783D8911D23CA20001E4420 /* XnHash.h */,
				E783D8921D23CA20001E4420 /* XnInternalDefs.h */,
				E783D8931D23CA20001E4420 /* XnLicensing.h */,
				E783D8941D23CA20001E4420 /* XnList.h */,
				E783D8951D23CA20001E4420 /* XnLog.h */,
				E783D8961D23CA20001E4420 /* XnLogTypes.h */,
				E783D8971D23CA20001E4420 /* XnLogWriterBase.h */,
				E783D8981D23CA20001E4420 /* XnMacros.h */,
				E783D8991D23CA20001E4420 /* XnModuleCFunctions.h */,
				E783D89A1D23CA20001E4420 /* XnModuleCppInterface.h */,
				E783D89B1D23CA20001E4420 /* XnModuleCppRegistratration.h */,
				E783D89C1D23CA20001E4420 /* XnModuleInterface.h */,
				E783D89D1D23CA20001E4420 /* XnNode.h */,
				E783D89E1D23CA20001E4420 /* XnNodeAllocator.h */,
				E783D89F1D23CA20001E4420 /* XnOpenNI.h */,
				E783D8A01D23CA20001E4420 /* XnOS.h */,
				E783D8A11D23CA20001E4420 /* XnOSCpp.h */,
				E783D8A21D23CA20001E4420 /* XnOSMemory.h */,
				E783D8A31D23CA20001E4420 /* XnOSStrings.h */,
				E783D8A41D23CA20001E4420 /* XnPlatform.h */,
				E783D8A51D23CA20001E4420 /* XnPrdNode.h */,
				E783D8A61D23CA20001E4420 /* XnPrdNodeInfo.h */,
				E783D8A71D23CA20001E4420 /* XnPrdNodeInfoList.h */,
				E783D8A81D23CA20001E4420 /* XnProfiling.h */,
				E783D8A91D23CA20001E4420 /* XnPropNames.h */,
				E783D8AA1D23CA20001E4420 /* XnQueries.h */,
				E783D8AB1D23CA20001E4420 /* XnQueue.h */,
				E783D8AC1D23CA20001E4420 /* XnScheduler.h */,
				E783D8AD1D23CA20001E4420 /* XnStack.h */,
				E783D8AE1D23CA20001E4420 /* XnStatus.h */,
				E783D8AF1D23CA20001E4420 /* XnStatusCodes.h */,
				E783D8B01D23CA20001E4420 /* XnStatusRegister.h */,
				E783D8B11D23CA20001E4420 /* XnStringsHash.h */,
				E783D8B21D23CA20001E4420 /* XnThreadSafeQueue.h */,
				E783D8B31D23CA20001E4420 /* XnTypes.h */,
				E783D8B41D23CA20001E4420 /* XnUSB.h */,
				E783D8B51D23CA20001E4420 /* XnUSBDevice.h */,
				E783D8B61D23CA20001E4420 /* XnUtils.h */,
				E783D8B71D23CA20001E4420 /* XnVersion.h */,
			);
			path = openni;
			sourceTree = "<group>";
		};
		E783D8701D23CA20001E4420 /* Android-Arm */ = {
			isa = PBXGroup;
			children = (
				E783D8711D23CA20001E4420 /* XnPlatformAndroid-Arm.h */,
			);
			path = "Android-Arm";
			sourceTree = "<group>";
		};
		E783D8721D23CA20001E4420 /* ARC */ = {
			isa = PBXGroup;
			children = (
				E783D8731D23CA20001E4420 /* XnOSARC.h */,
				E783D8741D23CA20001E4420 /* XnPlatformARC.h */,
			);
			path = ARC;
			sourceTree = "<group>";
		};
		E783D8761D23CA20001E4420 /* Linux-Arm */ = {
			isa = PBXGroup;
			children = (
				E783D8771D23CA20001E4420 /* XnPlatformLinux-Arm.h */,
			);
			path = "Linux-Arm";
			sourceTree = "<group>";
		};
		E783D8781D23CA20001E4420 /* Linux-x86 */ = {
			isa = PBXGroup;
			children = (
				E783D8791D23CA20001E4420 /* XnOSLinux-x86.h */,
				E783D87A1D23CA20001E4420 /* XnPlatformLinux-x86.h */,
			);
			path = "Linux-x86";
			sourceTree = "<group>";
		};
		E783D87B1D23CA20001E4420 /* MacOSX */ = {
			isa = PBXGroup;
			children = (
				E783D87C1D23CA20001E4420 /* XnPlatformMacOSX.h */,
			);
			path = MacOSX;
			sourceTree = "<group>";
		};
		E783D87D1D23CA20001E4420 /* Win32 */ = {
			isa = PBXGroup;
			children = (
				E783D87E1D23CA20001E4420 /* usb100.h */,
				E783D87F1D23CA20001E4420 /* XnOSWin32.h */,
				E783D8801D23CA20001E4420 /* XnPlatformWin32.h */,
			);
			path = Win32;
			sourceTree = "<group>";
		};
		E783D8B81D23CA20001E4420 /* lib */ = {
			isa = PBXGroup;
			children = (
				E783D8B91D23CA20001E4420 /* change_exec_paths.sh */,
				E783D8BA1D23CA20001E4420 /* libnimCodecs.dylib */,
				E783D8BB1D23CA20001E4420 /* libnimMockNodes.dylib */,
				E783D8BC1D23CA20001E4420 /* libnimRecorder.dylib */,
				E783D8BD1D23CA20001E4420 /* libOpenNI.dylib */,
				E783D8BE1D23CA21001E4420 /* libusb-1.0.0.dylib */,
				E783D8BF1D23CA21001E4420 /* libXnCore.dylib */,
				E783D8C01D23CA21001E4420 /* libXnDDK.dylib */,
				E783D8C11D23CA21001E4420 /* libXnDeviceFile.dylib */,
				E783D8C21D23CA21001E4420 /* libXnDeviceSensorV2KM.dylib */,
				E783D8C31D23CA21001E4420 /* libXnFormats.dylib */,
				E783D8C41D23CA21001E4420 /* libXnVCNITE_1_5_2.dylib */,
				E783D8C51D23CA21001E4420 /* libXnVFeatures_1_5_2.dylib */,
				E783D8C61D23CA21001E4420 /* libXnVHandGenerator_1_5_2.dylib */,
				E783D8C71D23CA21001E4420 /* libXnVNite_1_5_2.dylib */,
			);
			name = lib;
			path = ../../../addons/ofxOpenNINew/lib;
			sourceTree = "<group>";
		};
/* End PBXGroup section */

/* Begin PBXNativeTarget section */
		E4B69B5A0A3A1756003C02F2 /* SkeletonTest */ = {
			isa = PBXNativeTarget;
			buildConfigurationList = E4B69B5F0A3A1757003C02F2 /* Build configuration list for PBXNativeTarget "SkeletonTest" */;
			buildPhases = (
				E4B69B580A3A1756003C02F2 /* Sources */,
				E4B69B590A3A1756003C02F2 /* Frameworks */,
				E4B6FFFD0C3F9AB9008CF71C /* ShellScript */,
				E4C2427710CC5ABF004149E2 /* CopyFiles */,
			);
			buildRules = (
			);
			dependencies = (
				E4EEB9AC138B136A00A80321 /* PBXTargetDependency */,
			);
			name = SkeletonTest;
			productName = myOFApp;
			productReference = E4B69B5B0A3A1756003C02F2 /* SkeletonTestDebug.app */;
			productType = "com.apple.product-type.application";
		};
/* End PBXNativeTarget section */

/* Begin PBXProject section */
		E4B69B4C0A3A1720003C02F2 /* Project object */ = {
			isa = PBXProject;
			attributes = {
				LastUpgradeCheck = 0600;
			};
			buildConfigurationList = E4B69B4D0A3A1720003C02F2 /* Build configuration list for PBXProject "SkeletonTest" */;
			compatibilityVersion = "Xcode 3.2";
			developmentRegion = English;
			hasScannedForEncodings = 0;
			knownRegions = (
				English,
				Japanese,
				French,
				German,
			);
			mainGroup = E4B69B4A0A3A1720003C02F2;
			productRefGroup = E4B69B4A0A3A1720003C02F2;
			projectDirPath = "";
			projectReferences = (
				{
					ProductGroup = E4328144138ABC890047C5CB /* Products */;
					ProjectRef = E4328143138ABC890047C5CB /* openFrameworksLib.xcodeproj */;
				},
			);
			projectRoot = "";
			targets = (
				E4B69B5A0A3A1756003C02F2 /* SkeletonTest */,
			);
		};
/* End PBXProject section */

/* Begin PBXReferenceProxy section */
		E4328148138ABC890047C5CB /* openFrameworksDebug.a */ = {
			isa = PBXReferenceProxy;
			fileType = archive.ar;
			path = openFrameworksDebug.a;
			remoteRef = E4328147138ABC890047C5CB /* PBXContainerItemProxy */;
			sourceTree = BUILT_PRODUCTS_DIR;
		};
/* End PBXReferenceProxy section */

/* Begin PBXShellScriptBuildPhase section */
		E4B6FFFD0C3F9AB9008CF71C /* ShellScript */ = {
			isa = PBXShellScriptBuildPhase;
			buildActionMask = 2147483647;
			files = (
			);
			inputPaths = (
			);
			outputPaths = (
			);
			runOnlyForDeploymentPostprocessing = 0;
			shellPath = /bin/sh;
			shellScript = "rsync -aved ../../../libs/fmodex/lib/osx/libfmodex.dylib \"$TARGET_BUILD_DIR/$PRODUCT_NAME.app/Contents/MacOS/\"; install_name_tool -change ./libfmodex.dylib @executable_path/libfmodex.dylib \"$TARGET_BUILD_DIR/$PRODUCT_NAME.app/Contents/MacOS/$PRODUCT_NAME\";\nmkdir -p \"$TARGET_BUILD_DIR/$PRODUCT_NAME.app/Contents/Resources/\"\nrsync -aved \"$ICON_FILE\" \"$TARGET_BUILD_DIR/$PRODUCT_NAME.app/Contents/Resources/\"\nrsync -aved ../../../libs/glut/lib/osx/GLUT.framework \"$TARGET_BUILD_DIR/$PRODUCT_NAME.app/Contents/Frameworks/\"\n";
		};
/* End PBXShellScriptBuildPhase section */

/* Begin PBXSourcesBuildPhase section */
		E4B69B580A3A1756003C02F2 /* Sources */ = {
			isa = PBXSourcesBuildPhase;
			buildActionMask = 2147483647;
			files = (
				E4B69E200A3A1BDC003C02F2 /* main.cpp in Sources */,
				E4B69E210A3A1BDC003C02F2 /* ofApp.cpp in Sources */,
				16F1634155E459304C8F31D8 /* ofxOpenNI.cpp in Sources */,
				57ADFCC28C752DD2F872B648 /* ofxOpenNITypes.cpp in Sources */,
			);
			runOnlyForDeploymentPostprocessing = 0;
		};
/* End PBXSourcesBuildPhase section */

/* Begin PBXTargetDependency section */
		E4EEB9AC138B136A00A80321 /* PBXTargetDependency */ = {
			isa = PBXTargetDependency;
			name = openFrameworks;
			targetProxy = E4EEB9AB138B136A00A80321 /* PBXContainerItemProxy */;
		};
/* End PBXTargetDependency section */

/* Begin XCBuildConfiguration section */
		E4B69B4E0A3A1720003C02F2 /* Debug */ = {
			isa = XCBuildConfiguration;
			baseConfigurationReference = E4EB6923138AFD0F00A09F29 /* Project.xcconfig */;
			buildSettings = {
				CONFIGURATION_BUILD_DIR = "$(SRCROOT)/bin/";
				COPY_PHASE_STRIP = NO;
				DEAD_CODE_STRIPPING = YES;
				GCC_AUTO_VECTORIZATION = YES;
				GCC_ENABLE_SSE3_EXTENSIONS = YES;
				GCC_ENABLE_SUPPLEMENTAL_SSE3_INSTRUCTIONS = YES;
				GCC_INLINES_ARE_PRIVATE_EXTERN = NO;
				GCC_OPTIMIZATION_LEVEL = 0;
				GCC_SYMBOLS_PRIVATE_EXTERN = NO;
				GCC_WARN_ABOUT_DEPRECATED_FUNCTIONS = YES;
				GCC_WARN_ABOUT_INVALID_OFFSETOF_MACRO = NO;
				GCC_WARN_ALLOW_INCOMPLETE_PROTOCOL = NO;
				GCC_WARN_UNINITIALIZED_AUTOS = NO;
				GCC_WARN_UNUSED_VALUE = NO;
				GCC_WARN_UNUSED_VARIABLE = NO;
				HEADER_SEARCH_PATHS = (
					"$(OF_CORE_HEADERS)",
					../../../addons/ofxOpenNINew/src,
				);
				MACOSX_DEPLOYMENT_TARGET = 10.8;
				ONLY_ACTIVE_ARCH = YES;
				OTHER_CPLUSPLUSFLAGS = (
					"-D__MACOSX_CORE__",
					"-mtune=native",
				);
				SDKROOT = macosx;
			};
			name = Debug;
		};
		E4B69B4F0A3A1720003C02F2 /* Release */ = {
			isa = XCBuildConfiguration;
			baseConfigurationReference = E4EB6923138AFD0F00A09F29 /* Project.xcconfig */;
			buildSettings = {
				CONFIGURATION_BUILD_DIR = "$(SRCROOT)/bin/";
				COPY_PHASE_STRIP = YES;
				DEAD_CODE_STRIPPING = YES;
				GCC_AUTO_VECTORIZATION = YES;
				GCC_ENABLE_SSE3_EXTENSIONS = YES;
				GCC_ENABLE_SUPPLEMENTAL_SSE3_INSTRUCTIONS = YES;
				GCC_INLINES_ARE_PRIVATE_EXTERN = NO;
				GCC_OPTIMIZATION_LEVEL = 3;
				GCC_SYMBOLS_PRIVATE_EXTERN = NO;
				GCC_UNROLL_LOOPS = YES;
				GCC_WARN_ABOUT_DEPRECATED_FUNCTIONS = YES;
				GCC_WARN_ABOUT_INVALID_OFFSETOF_MACRO = NO;
				GCC_WARN_ALLOW_INCOMPLETE_PROTOCOL = NO;
				GCC_WARN_UNINITIALIZED_AUTOS = NO;
				GCC_WARN_UNUSED_VALUE = NO;
				GCC_WARN_UNUSED_VARIABLE = NO;
				HEADER_SEARCH_PATHS = (
					"$(OF_CORE_HEADERS)",
					../../../addons/ofxOpenNINew/src,
				);
				MACOSX_DEPLOYMENT_TARGET = 10.8;
				OTHER_CPLUSPLUSFLAGS = (
					"-D__MACOSX_CORE__",
					"-mtune=native",
				);
				SDKROOT = macosx;
			};
			name = Release;
		};
		E4B69B600A3A1757003C02F2 /* Debug */ = {
			isa = XCBuildConfiguration;
			baseConfigurationReference = E4EB6923138AFD0F00A09F29 /* Project.xcconfig */;
			buildSettings = {
				COMBINE_HIDPI_IMAGES = YES;
				COPY_PHASE_STRIP = NO;
				FRAMEWORK_SEARCH_PATHS = (
					"$(inherited)",
					"$(FRAMEWORK_SEARCH_PATHS_QUOTED_FOR_TARGET_1)",
				);
				FRAMEWORK_SEARCH_PATHS_QUOTED_FOR_TARGET_1 = "\"$(SRCROOT)/../../../libs/glut/lib/osx\"";
				GCC_DYNAMIC_NO_PIC = NO;
				GCC_GENERATE_DEBUGGING_SYMBOLS = YES;
				GCC_MODEL_TUNING = NONE;
				HEADER_SEARCH_PATHS = (
					"$(OF_CORE_HEADERS)",
					../../../addons/ofxOpenNINew/src,
					../../../addons/ofxOpenNINew/include/openni,
				);
				ICON = "$(ICON_NAME_DEBUG)";
				ICON_FILE = "$(ICON_FILE_PATH)$(ICON)";
				INFOPLIST_FILE = "openFrameworks-Info.plist";
				INSTALL_PATH = "$(HOME)/Applications";
				LIBRARY_SEARCH_PATHS = (
					"$(inherited)",
					/Users/johangelinder/Desktop/openFrameworks/addons/ofxOpenNINew/lib,
				);
				PRODUCT_NAME = "$(TARGET_NAME)Debug";
				WRAPPER_EXTENSION = app;
			};
			name = Debug;
		};
		E4B69B610A3A1757003C02F2 /* Release */ = {
			isa = XCBuildConfiguration;
			baseConfigurationReference = E4EB6923138AFD0F00A09F29 /* Project.xcconfig */;
			buildSettings = {
				COMBINE_HIDPI_IMAGES = YES;
				COPY_PHASE_STRIP = YES;
				FRAMEWORK_SEARCH_PATHS = (
					"$(inherited)",
					"$(FRAMEWORK_SEARCH_PATHS_QUOTED_FOR_TARGET_1)",
				);
				FRAMEWORK_SEARCH_PATHS_QUOTED_FOR_TARGET_1 = "\"$(SRCROOT)/../../../libs/glut/lib/osx\"";
				GCC_GENERATE_DEBUGGING_SYMBOLS = YES;
				GCC_MODEL_TUNING = NONE;
				HEADER_SEARCH_PATHS = (
					"$(OF_CORE_HEADERS)",
					../../../addons/ofxOpenNINew/src,
					../../../addons/ofxOpenNINew/include/openni,
				);
				ICON = "$(ICON_NAME_RELEASE)";
				ICON_FILE = "$(ICON_FILE_PATH)$(ICON)";
				INFOPLIST_FILE = "openFrameworks-Info.plist";
				INSTALL_PATH = "$(HOME)/Applications";
				LIBRARY_SEARCH_PATHS = (
					"$(inherited)",
					/Users/johangelinder/Desktop/openFrameworks/addons/ofxOpenNINew/lib,
				);
				PRODUCT_NAME = "$(TARGET_NAME)";
				WRAPPER_EXTENSION = app;
				baseConfigurationReference = E4EB6923138AFD0F00A09F29;
			};
			name = Release;
		};
/* End XCBuildConfiguration section */

/* Begin XCConfigurationList section */
		E4B69B4D0A3A1720003C02F2 /* Build configuration list for PBXProject "SkeletonTest" */ = {
			isa = XCConfigurationList;
			buildConfigurations = (
				E4B69B4E0A3A1720003C02F2 /* Debug */,
				E4B69B4F0A3A1720003C02F2 /* Release */,
			);
			defaultConfigurationIsVisible = 0;
			defaultConfigurationName = Release;
		};
		E4B69B5F0A3A1757003C02F2 /* Build configuration list for PBXNativeTarget "SkeletonTest" */ = {
			isa = XCConfigurationList;
			buildConfigurations = (
				E4B69B600A3A1757003C02F2 /* Debug */,
				E4B69B610A3A1757003C02F2 /* Release */,
			);
			defaultConfigurationIsVisible = 0;
			defaultConfigurationName = Release;
		};
/* End XCConfigurationList section */
	};
	rootObject = E4B69B4C0A3A1720003C02F2 /* Project object */;
}
